Microsoft Visual Studio Solution File, Format Version 12.00
# Visual Studio Version 17
VisualStudioVersion = 17.9.34723.18
MinimumVisualStudioVersion = 10.0.40219.1
Project("{8BC9CEB8-8B4A-11D0-8D11-00A0C91BC942}") = "stb_truetype", "stb_truetype.vcxproj", "{8EBA3C3A-C9F2-4978-82C4-AD5D315CA63E}"
EndProject
Global
	GlobalSection(SolutionConfigurationPlatforms) = preSolution
		Debug_LegacyCXX|x64 = Debug_LegacyCXX|x64
		Debug_LegacyCXX|x86 = Debug_LegacyCXX|x86
		Debug|x64 = Debug|x64
		Debug|x86 = Debug|x86
		DebugFreestanding_LegacyCXX|x64 = DebugFreestanding_LegacyCXX|x64
		DebugFreestanding_LegacyCXX|x86 = DebugFreestanding_LegacyCXX|x86
		Release_LegacyCXX|x64 = Release_LegacyCXX|x64
		Release_LegacyCXX|x86 = Release_LegacyCXX|x86
		Release|x64 = Release|x64
		Release|x86 = Release|x86
		ReleaseFreestanding_LegacyCXX|x64 = ReleaseFreestanding_LegacyCXX|x64
		ReleaseFreestanding_LegacyCXX|x86 = ReleaseFreestanding_LegacyCXX|x86
		ReleaseFreeStanding|x64 = ReleaseFreeStanding|x64
		ReleaseFreeStanding|x86 = ReleaseFreeStanding|x86
		ReleaseMini_LegacyCXX|x64 = ReleaseMini_LegacyCXX|x64
		ReleaseMini_LegacyCXX|x86 = ReleaseMini_LegacyCXX|x86
		ReleaseMini|x64 = ReleaseMini|x64
		ReleaseMini|x86 = ReleaseMini|x86
		ReleaseMiniConsole|x64 = ReleaseMiniConsole|x64
		ReleaseMiniConsole|x86 = ReleaseMiniConsole|x86
	EndGlobalSection
	GlobalSection(ProjectConfigurationPlatforms) = postSolution
		{8EBA3C3A-C9F2-4978-82C4-AD5D315CA63E}.Debug_LegacyCXX|x64.ActiveCfg = Debug_LegacyCXX|x64
		{8EBA3C3A-C9F2-4978-82C4-AD5D315CA63E}.Debug_LegacyCXX|x64.Build.0 = Debug_LegacyCXX|x64
		{8EBA3C3A-C9F2-4978-82C4-AD5D315CA63E}.Debug_LegacyCXX|x86.ActiveCfg = Debug_LegacyCXX|Win32
		{8EBA3C3A-C9F2-4978-82C4-AD5D315CA63E}.Debug_LegacyCXX|x86.Build.0 = Debug_LegacyCXX|Win32
		{8EBA3C3A-C9F2-4978-82C4-AD5D315CA63E}.Debug|x64.ActiveCfg = Debug|x64
		{8EBA3C3A-C9F2-4978-82C4-AD5D315CA63E}.Debug|x64.Build.0 = Debug|x64
		{8EBA3C3A-C9F2-4978-82C4-AD5D315CA63E}.Debug|x86.ActiveCfg = Debug|Win32
		{8EBA3C3A-C9F2-4978-82C4-AD5D315CA63E}.Debug|x86.Build.0 = Debug|Win32
		{8EBA3C3A-C9F2-4978-82C4-AD5D315CA63E}.DebugFreestanding_LegacyCXX|x64.ActiveCfg = DebugFreestanding_LegacyCXX|x64
		{8EBA3C3A-C9F2-4978-82C4-AD5D315CA63E}.DebugFreestanding_LegacyCXX|x64.Build.0 = DebugFreestanding_LegacyCXX|x64
		{8EBA3C3A-C9F2-4978-82C4-AD5D315CA63E}.DebugFreestanding_LegacyCXX|x86.ActiveCfg = DebugFreestanding_LegacyCXX|Win32
		{8EBA3C3A-C9F2-4978-82C4-AD5D315CA63E}.DebugFreestanding_LegacyCXX|x86.Build.0 = DebugFreestanding_LegacyCXX|Win32
		{8EBA3C3A-C9F2-4978-82C4-AD5D315CA63E}.Release_LegacyCXX|x64.ActiveCfg = Release_LegacyCXX|x64
		{8EBA3C3A-C9F2-4978-82C4-AD5D315CA63E}.Release_LegacyCXX|x64.Build.0 = Release_LegacyCXX|x64
		{8EBA3C3A-C9F2-4978-82C4-AD5D315CA63E}.Release_LegacyCXX|x86.ActiveCfg = Release_LegacyCXX|Win32
		{8EBA3C3A-C9F2-4978-82C4-AD5D315CA63E}.Release_LegacyCXX|x86.Build.0 = Release_LegacyCXX|Win32
		{8EBA3C3A-C9F2-4978-82C4-AD5D315CA63E}.Release|x64.ActiveCfg = Release|x64
		{8EBA3C3A-C9F2-4978-82C4-AD5D315CA63E}.Release|x64.Build.0 = Release|x64
		{8EBA3C3A-C9F2-4978-82C4-AD5D315CA63E}.Release|x86.ActiveCfg = Release|Win32
		{8EBA3C3A-C9F2-4978-82C4-AD5D315CA63E}.Release|x86.Build.0 = Release|Win32
		{8EBA3C3A-C9F2-4978-82C4-AD5D315CA63E}.ReleaseFreestanding_LegacyCXX|x64.ActiveCfg = ReleaseFreestanding_LegacyCXX|x64
		{8EBA3C3A-C9F2-4978-82C4-AD5D315CA63E}.ReleaseFreestanding_LegacyCXX|x64.Build.0 = ReleaseFreestanding_LegacyCXX|x64
		{8EBA3C3A-C9F2-4978-82C4-AD5D315CA63E}.ReleaseFreestanding_LegacyCXX|x86.ActiveCfg = ReleaseFreestanding_LegacyCXX|Win32
		{8EBA3C3A-C9F2-4978-82C4-AD5D315CA63E}.ReleaseFreestanding_LegacyCXX|x86.Build.0 = ReleaseFreestanding_LegacyCXX|Win32
		{8EBA3C3A-C9F2-4978-82C4-AD5D315CA63E}.ReleaseFreeStanding|x64.ActiveCfg = ReleaseFreeStanding|x64
		{8EBA3C3A-C9F2-4978-82C4-AD5D315CA63E}.ReleaseFreeStanding|x64.Build.0 = ReleaseFreeStanding|x64
		{8EBA3C3A-C9F2-4978-82C4-AD5D315CA63E}.ReleaseFreeStanding|x86.ActiveCfg = ReleaseFreeStanding|Win32
		{8EBA3C3A-C9F2-4978-82C4-AD5D315CA63E}.ReleaseFreeStanding|x86.Build.0 = ReleaseFreeStanding|Win32
		{8EBA3C3A-C9F2-4978-82C4-AD5D315CA63E}.ReleaseMini_LegacyCXX|x64.ActiveCfg = ReleaseMini_LegacyCXX|x64
		{8EBA3C3A-C9F2-4978-82C4-AD5D315CA63E}.ReleaseMini_LegacyCXX|x64.Build.0 = ReleaseMini_LegacyCXX|x64
		{8EBA3C3A-C9F2-4978-82C4-AD5D315CA63E}.ReleaseMini_LegacyCXX|x86.ActiveCfg = ReleaseMini_LegacyCXX|Win32
		{8EBA3C3A-C9F2-4978-82C4-AD5D315CA63E}.ReleaseMini_LegacyCXX|x86.Build.0 = ReleaseMini_LegacyCXX|Win32
		{8EBA3C3A-C9F2-4978-82C4-AD5D315CA63E}.ReleaseMini|x64.ActiveCfg = ReleaseMini|x64
		{8EBA3C3A-C9F2-4978-82C4-AD5D315CA63E}.ReleaseMini|x64.Build.0 = ReleaseMini|x64
		{8EBA3C3A-C9F2-4978-82C4-AD5D315CA63E}.ReleaseMini|x86.ActiveCfg = ReleaseMini|Win32
		{8EBA3C3A-C9F2-4978-82C4-AD5D315CA63E}.ReleaseMini|x86.Build.0 = ReleaseMini|Win32
		{8EBA3C3A-C9F2-4978-82C4-AD5D315CA63E}.ReleaseMiniConsole|x64.ActiveCfg = ReleaseMiniConsole|x64
		{8EBA3C3A-C9F2-4978-82C4-AD5D315CA63E}.ReleaseMiniConsole|x64.Build.0 = ReleaseMiniConsole|x64
		{8EBA3C3A-C9F2-4978-82C4-AD5D315CA63E}.ReleaseMiniConsole|x86.ActiveCfg = ReleaseMiniConsole|Win32
		{8EBA3C3A-C9F2-4978-82C4-AD5D315CA63E}.ReleaseMiniConsole|x86.Build.0 = ReleaseMiniConsole|Win32
	EndGlobalSection
	GlobalSection(SolutionProperties) = preSolution
		HideSolutionNode = FALSE
	EndGlobalSection
	GlobalSection(ExtensibilityGlobals) = postSolution
		SolutionGuid = {56D023DD-5223-4708-A568-8206E0F1B958}
	EndGlobalSection
	GlobalSection(SolutionConfigurationPhitforms) = preSolution
		Debug_LegacyCXX|Win32 = Debug_LegacyCXX|Win32
		Debug_LegacyCXX|x64 = Debug_LegacyCXX|x64
		Debug_LegacyCXX|x86 = Debug_LegacyCXX|x86
		Debug|Win32 = Debug|Win32
		Debug|x64 = Debug|x64
		Debug|x86 = Debug|x86
		Release_LegacyCXX|Win32 = Release_LegacyCXX|Win32
		Release_LegacyCXX|x64 = Release_LegacyCXX|x64
		Release_LegacyCXX|x86 = Release_LegacyCXX|x86
		Release|Win32 = Release|Win32
		Release|x64 = Release|x64
		Release|x86 = Release|x86
		ReleaseFreestanding_LegacyCXX|Win32 = ReleaseFreestanding_LegacyCXX|Win32
		ReleaseFreestanding_LegacyCXX|x64 = ReleaseFreestanding_LegacyCXX|x64
		ReleaseFreestanding_LegacyCXX|x86 = ReleaseFreestanding_LegacyCXX|x86
		ReleaseFreeStanding|Win32 = ReleaseFreeStanding|Win32
		ReleaseFreeStanding|x64 = ReleaseFreeStanding|x64
		ReleaseFreeStanding|x86 = ReleaseFreeStanding|x86
		ReleaseMini_LegacyCXX|Win32 = ReleaseMini_LegacyCXX|Win32
		ReleaseMini_LegacyCXX|x64 = ReleaseMini_LegacyCXX|x64
		ReleaseMini_LegacyCXX|x86 = ReleaseMini_LegacyCXX|x86
		ReleaseMini|Win32 = ReleaseMini|Win32
		ReleaseMini|x64 = ReleaseMini|x64
		ReleaseMini|x86 = ReleaseMini|x86
		ReleaseMiniConsole|Win32 = ReleaseMiniConsole|Win32
		ReleaseMiniConsole|x64 = ReleaseMiniConsole|x64
		ReleaseMiniConsole|x86 = ReleaseMiniConsole|x86
	EndGlobalSection
	GlobalSection(ProjectConfigurationPhitforms) = postSolution
		{8EBA3C3A-C9F2-4978-82C4-AD5D315CA63E}.Debug_LegacyCXX|Win32.ActiveCfg = Debug_LegacyCXX|Win32
		{8EBA3C3A-C9F2-4978-82C4-AD5D315CA63E}.Debug_LegacyCXX|Win32.Build.0 = Debug_LegacyCXX|Win32
		{8EBA3C3A-C9F2-4978-82C4-AD5D315CA63E}.Debug_LegacyCXX|x64.ActiveCfg = Debug_LegacyCXX|x64
		{8EBA3C3A-C9F2-4978-82C4-AD5D315CA63E}.Debug_LegacyCXX|x64.Build.0 = Debug_LegacyCXX|x64
		{8EBA3C3A-C9F2-4978-82C4-AD5D315CA63E}.Debug_LegacyCXX|x86.ActiveCfg = Debug_LegacyCXX|Win32
		{8EBA3C3A-C9F2-4978-82C4-AD5D315CA63E}.Debug_LegacyCXX|x86.Build.0 = Debug_LegacyCXX|Win32
		{8EBA3C3A-C9F2-4978-82C4-AD5D315CA63E}.Debug|Win32.ActiveCfg = Debug|Win32
		{8EBA3C3A-C9F2-4978-82C4-AD5D315CA63E}.Debug|Win32.Build.0 = Debug|Win32
		{8EBA3C3A-C9F2-4978-82C4-AD5D315CA63E}.Debug|x64.ActiveCfg = Debug|x64
		{8EBA3C3A-C9F2-4978-82C4-AD5D315CA63E}.Debug|x64.Build.0 = Debug|x64
		{8EBA3C3A-C9F2-4978-82C4-AD5D315CA63E}.Debug|x86.ActiveCfg = Debug|Win32
		{8EBA3C3A-C9F2-4978-82C4-AD5D315CA63E}.Debug|x86.Build.0 = Debug|Win32
		{8EBA3C3A-C9F2-4978-82C4-AD5D315CA63E}.Release_LegacyCXX|Win32.ActiveCfg = Release_LegacyCXX|Win32
		{8EBA3C3A-C9F2-4978-82C4-AD5D315CA63E}.Release_LegacyCXX|Win32.Build.0 = Release_LegacyCXX|Win32
		{8EBA3C3A-C9F2-4978-82C4-AD5D315CA63E}.Release_LegacyCXX|x64.ActiveCfg = Release_LegacyCXX|x64
		{8EBA3C3A-C9F2-4978-82C4-AD5D315CA63E}.Release_LegacyCXX|x64.Build.0 = Release_LegacyCXX|x64
		{8EBA3C3A-C9F2-4978-82C4-AD5D315CA63E}.Release_LegacyCXX|x86.ActiveCfg = Release_LegacyCXX|Win32
		{8EBA3C3A-C9F2-4978-82C4-AD5D315CA63E}.Release_LegacyCXX|x86.Build.0 = Release_LegacyCXX|Win32
		{8EBA3C3A-C9F2-4978-82C4-AD5D315CA63E}.Release|Win32.ActiveCfg = Release|Win32
		{8EBA3C3A-C9F2-4978-82C4-AD5D315CA63E}.Release|Win32.Build.0 = Release|Win32
		{8EBA3C3A-C9F2-4978-82C4-AD5D315CA63E}.Release|x64.ActiveCfg = Release|x64
		{8EBA3C3A-C9F2-4978-82C4-AD5D315CA63E}.Release|x64.Build.0 = Release|x64
		{8EBA3C3A-C9F2-4978-82C4-AD5D315CA63E}.Release|x86.ActiveCfg = Release|Win32
		{8EBA3C3A-C9F2-4978-82C4-AD5D315CA63E}.Release|x86.Build.0 = Release|Win32
		{8EBA3C3A-C9F2-4978-82C4-AD5D315CA63E}.ReleaseFreestanding_LegacyCXX|Win32.ActiveCfg = ReleaseFreestanding_LegacyCXX|Win32
		{8EBA3C3A-C9F2-4978-82C4-AD5D315CA63E}.ReleaseFreestanding_LegacyCXX|Win32.Build.0 = ReleaseFreestanding_LegacyCXX|Win32
		{8EBA3C3A-C9F2-4978-82C4-AD5D315CA63E}.ReleaseFreestanding_LegacyCXX|x64.ActiveCfg = ReleaseFreestanding_LegacyCXX|x64
		{8EBA3C3A-C9F2-4978-82C4-AD5D315CA63E}.ReleaseFreestanding_LegacyCXX|x64.Build.0 = ReleaseFreestanding_LegacyCXX|x64
		{8EBA3C3A-C9F2-4978-82C4-AD5D315CA63E}.ReleaseFreestanding_LegacyCXX|x86.ActiveCfg = ReleaseFreestanding_LegacyCXX|Win32
		{8EBA3C3A-C9F2-4978-82C4-AD5D315CA63E}.ReleaseFreestanding_LegacyCXX|x86.Build.0 = ReleaseFreestanding_LegacyCXX|Win32
		{8EBA3C3A-C9F2-4978-82C4-AD5D315CA63E}.ReleaseFreeStanding|Win32.ActiveCfg = ReleaseFreeStanding|Win32
		{8EBA3C3A-C9F2-4978-82C4-AD5D315CA63E}.ReleaseFreeStanding|Win32.Build.0 = ReleaseFreeStanding|Win32
		{8EBA3C3A-C9F2-4978-82C4-AD5D315CA63E}.ReleaseFreeStanding|x64.ActiveCfg = ReleaseFreeStanding|x64
		{8EBA3C3A-C9F2-4978-82C4-AD5D315CA63E}.ReleaseFreeStanding|x64.Build.0 = ReleaseFreeStanding|x64
		{8EBA3C3A-C9F2-4978-82C4-AD5D315CA63E}.ReleaseFreeStanding|x86.ActiveCfg = ReleaseFreeStanding|Win32
		{8EBA3C3A-C9F2-4978-82C4-AD5D315CA63E}.ReleaseFreeStanding|x86.Build.0 = ReleaseFreeStanding|Win32
		{8EBA3C3A-C9F2-4978-82C4-AD5D315CA63E}.ReleaseMini_LegacyCXX|Win32.ActiveCfg = ReleaseMini_LegacyCXX|Win32
		{8EBA3C3A-C9F2-4978-82C4-AD5D315CA63E}.ReleaseMini_LegacyCXX|Win32.Build.0 = ReleaseMini_LegacyCXX|Win32
		{8EBA3C3A-C9F2-4978-82C4-AD5D315CA63E}.ReleaseMini_LegacyCXX|x64.ActiveCfg = ReleaseMini_LegacyCXX|x64
		{8EBA3C3A-C9F2-4978-82C4-AD5D315CA63E}.ReleaseMini_LegacyCXX|x64.Build.0 = ReleaseMini_LegacyCXX|x64
		{8EBA3C3A-C9F2-4978-82C4-AD5D315CA63E}.ReleaseMini_LegacyCXX|x86.ActiveCfg = ReleaseMini_LegacyCXX|Win32
		{8EBA3C3A-C9F2-4978-82C4-AD5D315CA63E}.ReleaseMini_LegacyCXX|x86.Build.0 = ReleaseMini_LegacyCXX|Win32
		{8EBA3C3A-C9F2-4978-82C4-AD5D315CA63E}.ReleaseMini|Win32.ActiveCfg = ReleaseMini|Win32
		{8EBA3C3A-C9F2-4978-82C4-AD5D315CA63E}.ReleaseMini|Win32.Build.0 = ReleaseMini|Win32
		{8EBA3C3A-C9F2-4978-82C4-AD5D315CA63E}.ReleaseMini|x64.ActiveCfg = ReleaseMini|x64
		{8EBA3C3A-C9F2-4978-82C4-AD5D315CA63E}.ReleaseMini|x64.Build.0 = ReleaseMini|x64
		{8EBA3C3A-C9F2-4978-82C4-AD5D315CA63E}.ReleaseMini|x86.ActiveCfg = ReleaseMini|Win32
		{8EBA3C3A-C9F2-4978-82C4-AD5D315CA63E}.ReleaseMini|x86.Build.0 = ReleaseMini|Win32
		{8EBA3C3A-C9F2-4978-82C4-AD5D315CA63E}.ReleaseMiniConsole|Win32.ActiveCfg = ReleaseMiniConsole|Win32
		{8EBA3C3A-C9F2-4978-82C4-AD5D315CA63E}.ReleaseMiniConsole|Win32.Build.0 = ReleaseMiniConsole|Win32
		{8EBA3C3A-C9F2-4978-82C4-AD5D315CA63E}.ReleaseMiniConsole|x64.ActiveCfg = ReleaseMiniConsole|x64
		{8EBA3C3A-C9F2-4978-82C4-AD5D315CA63E}.ReleaseMiniConsole|x64.Build.0 = ReleaseMiniConsole|x64
		{8EBA3C3A-C9F2-4978-82C4-AD5D315CA63E}.ReleaseMiniConsole|x86.ActiveCfg = ReleaseMiniConsole|Win32
		{8EBA3C3A-C9F2-4978-82C4-AD5D315CA63E}.ReleaseMiniConsole|x86.Build.0 = ReleaseMiniConsole|Win32
	EndGlobalSection
EndGlobal
